// !$*UTF8*$!
{
	archiveVersion = 1;
	classes = {
	};
	objectVersion = 55;
	objects = {

/* Begin PBXBuildFile section */
		B05F85BD287A626100AD5CCB /* landmarkData.json in Resources */ = {isa = PBXBuildFile; fileRef = B05F85BC287A626100AD5CCB /* landmarkData.json */; };
		B05F85C1287A634200AD5CCB /* Landmark.swift in Sources */ = {isa = PBXBuildFile; fileRef = B05F85C0287A634200AD5CCB /* Landmark.swift */; };
		B05F85C3287A718400AD5CCB /* ModelData.swift in Sources */ = {isa = PBXBuildFile; fileRef = B05F85C2287A718400AD5CCB /* ModelData.swift */; };
		B05F85C8287F8D8D00AD5CCB /* LandmarkRow.swift in Sources */ = {isa = PBXBuildFile; fileRef = B05F85C7287F8D8D00AD5CCB /* LandmarkRow.swift */; };
		B05F85CA287FA48C00AD5CCB /* LandmarkList.swift in Sources */ = {isa = PBXBuildFile; fileRef = B05F85C9287FA48C00AD5CCB /* LandmarkList.swift */; };
		B06D1F112883914600AF64EF /* LandmarkDetail.swift in Sources */ = {isa = PBXBuildFile; fileRef = B06D1F102883914600AF64EF /* LandmarkDetail.swift */; };
		B0774C5428BC10F500A4C89B /* hikeData.json in Resources */ = {isa = PBXBuildFile; fileRef = B0774C5328BC10F500A4C89B /* hikeData.json */; };
		B0774C5628BC114500A4C89B /* Hike.swift in Sources */ = {isa = PBXBuildFile; fileRef = B0774C5528BC114500A4C89B /* Hike.swift */; };
		B0774C5E28BC1BFD00A4C89B /* GraphCapsule.swift in Sources */ = {isa = PBXBuildFile; fileRef = B0774C5A28BC1BFD00A4C89B /* GraphCapsule.swift */; };
		B0774C5F28BC1BFD00A4C89B /* HikeGraph.swift in Sources */ = {isa = PBXBuildFile; fileRef = B0774C5B28BC1BFD00A4C89B /* HikeGraph.swift */; };
		B0774C6028BC1BFD00A4C89B /* HikeDetail.swift in Sources */ = {isa = PBXBuildFile; fileRef = B0774C5C28BC1BFD00A4C89B /* HikeDetail.swift */; };
		B0774C6128BC1BFD00A4C89B /* HikeView.swift in Sources */ = {isa = PBXBuildFile; fileRef = B0774C5D28BC1BFD00A4C89B /* HikeView.swift */; };
		B097D7B0289F6A8F00FE8790 /* FavoriteButton.swift in Sources */ = {isa = PBXBuildFile; fileRef = B097D7AF289F6A8F00FE8790 /* FavoriteButton.swift */; };
		B0A597BD28A6F6C000E7037E /* HexagonParameters.swift in Sources */ = {isa = PBXBuildFile; fileRef = B0A597BC28A6F6C000E7037E /* HexagonParameters.swift */; };
		B0A597BF28A71BD300E7037E /* BadgeBackground.swift in Sources */ = {isa = PBXBuildFile; fileRef = B0A597BE28A71BD300E7037E /* BadgeBackground.swift */; };
		B0A597C128A9A5A400E7037E /* BagdeSymbol.swift in Sources */ = {isa = PBXBuildFile; fileRef = B0A597C028A9A5A400E7037E /* BagdeSymbol.swift */; };

		B0A597C328A9B8E900E7037E /* RotatedBadgeSymbol.swift in Sources */ = {isa = PBXBuildFile; fileRef = B0A597C228A9B8E900E7037E /* RotatedBadgeSymbol.swift */; };

		B0A597C528A9C53700E7037E /* Badge.swift in Sources */ = {isa = PBXBuildFile; fileRef = B0A597C428A9C53700E7037E /* Badge.swift */; };
		B0CD5D9A28754038003637F7 /* LandMarksApp.swift in Sources */ = {isa = PBXBuildFile; fileRef = B0CD5D9928754038003637F7 /* LandMarksApp.swift */; };
		B0CD5D9C28754038003637F7 /* ContentView.swift in Sources */ = {isa = PBXBuildFile; fileRef = B0CD5D9B28754038003637F7 /* ContentView.swift */; };
		B0CD5D9E28754039003637F7 /* Assets.xcassets in Resources */ = {isa = PBXBuildFile; fileRef = B0CD5D9D28754039003637F7 /* Assets.xcassets */; };
		B0CD5DA128754039003637F7 /* Preview Assets.xcassets in Resources */ = {isa = PBXBuildFile; fileRef = B0CD5DA028754039003637F7 /* Preview Assets.xcassets */; };
		B0CD5DA828769A44003637F7 /* CircleImage.swift in Sources */ = {isa = PBXBuildFile; fileRef = B0CD5DA728769A44003637F7 /* CircleImage.swift */; };
		B0CD5DAA28769D0E003637F7 /* MapView.swift in Sources */ = {isa = PBXBuildFile; fileRef = B0CD5DA928769D0E003637F7 /* MapView.swift */; };
/* End PBXBuildFile section */

/* Begin PBXFileReference section */
		B05F85BC287A626100AD5CCB /* landmarkData.json */ = {isa = PBXFileReference; fileEncoding = 4; lastKnownFileType = text.json; path = landmarkData.json; sourceTree = "<group>"; };
		B05F85C0287A634200AD5CCB /* Landmark.swift */ = {isa = PBXFileReference; lastKnownFileType = sourcecode.swift; path = Landmark.swift; sourceTree = "<group>"; };
		B05F85C2287A718400AD5CCB /* ModelData.swift */ = {isa = PBXFileReference; lastKnownFileType = sourcecode.swift; path = ModelData.swift; sourceTree = "<group>"; };
		B05F85C7287F8D8D00AD5CCB /* LandmarkRow.swift */ = {isa = PBXFileReference; lastKnownFileType = sourcecode.swift; path = LandmarkRow.swift; sourceTree = "<group>"; };
		B05F85C9287FA48C00AD5CCB /* LandmarkList.swift */ = {isa = PBXFileReference; lastKnownFileType = sourcecode.swift; path = LandmarkList.swift; sourceTree = "<group>"; };
		B06D1F102883914600AF64EF /* LandmarkDetail.swift */ = {isa = PBXFileReference; lastKnownFileType = sourcecode.swift; path = LandmarkDetail.swift; sourceTree = "<group>"; };
		B0774C5328BC10F500A4C89B /* hikeData.json */ = {isa = PBXFileReference; fileEncoding = 4; lastKnownFileType = text.json; path = hikeData.json; sourceTree = "<group>"; };
		B0774C5528BC114500A4C89B /* Hike.swift */ = {isa = PBXFileReference; lastKnownFileType = sourcecode.swift; path = Hike.swift; sourceTree = "<group>"; };
		B0774C5A28BC1BFD00A4C89B /* GraphCapsule.swift */ = {isa = PBXFileReference; fileEncoding = 4; lastKnownFileType = sourcecode.swift; path = GraphCapsule.swift; sourceTree = "<group>"; };
		B0774C5B28BC1BFD00A4C89B /* HikeGraph.swift */ = {isa = PBXFileReference; fileEncoding = 4; lastKnownFileType = sourcecode.swift; path = HikeGraph.swift; sourceTree = "<group>"; };
		B0774C5C28BC1BFD00A4C89B /* HikeDetail.swift */ = {isa = PBXFileReference; fileEncoding = 4; lastKnownFileType = sourcecode.swift; path = HikeDetail.swift; sourceTree = "<group>"; };
		B0774C5D28BC1BFD00A4C89B /* HikeView.swift */ = {isa = PBXFileReference; fileEncoding = 4; lastKnownFileType = sourcecode.swift; path = HikeView.swift; sourceTree = "<group>"; };
		B097D7AF289F6A8F00FE8790 /* FavoriteButton.swift */ = {isa = PBXFileReference; lastKnownFileType = sourcecode.swift; path = FavoriteButton.swift; sourceTree = "<group>"; };
		B0A597BC28A6F6C000E7037E /* HexagonParameters.swift */ = {isa = PBXFileReference; lastKnownFileType = sourcecode.swift; path = HexagonParameters.swift; sourceTree = "<group>"; };
		B0A597BE28A71BD300E7037E /* BadgeBackground.swift */ = {isa = PBXFileReference; lastKnownFileType = sourcecode.swift; path = BadgeBackground.swift; sourceTree = "<group>"; };
		B0A597C028A9A5A400E7037E /* BagdeSymbol.swift */ = {isa = PBXFileReference; lastKnownFileType = sourcecode.swift; path = BagdeSymbol.swift; sourceTree = "<group>"; };

		B0A597C228A9B8E900E7037E /* RotatedBadgeSymbol.swift */ = {isa = PBXFileReference; lastKnownFileType = sourcecode.swift; path = RotatedBadgeSymbol.swift; sourceTree = "<group>"; };

		B0A597C428A9C53700E7037E /* Badge.swift */ = {isa = PBXFileReference; lastKnownFileType = sourcecode.swift; path = Badge.swift; sourceTree = "<group>"; };
		B0CD5D9628754038003637F7 /* LandMarks.app */ = {isa = PBXFileReference; explicitFileType = wrapper.application; includeInIndex = 0; path = LandMarks.app; sourceTree = BUILT_PRODUCTS_DIR; };
		B0CD5D9928754038003637F7 /* LandMarksApp.swift */ = {isa = PBXFileReference; lastKnownFileType = sourcecode.swift; path = LandMarksApp.swift; sourceTree = "<group>"; };
		B0CD5D9B28754038003637F7 /* ContentView.swift */ = {isa = PBXFileReference; lastKnownFileType = sourcecode.swift; path = ContentView.swift; sourceTree = "<group>"; };
		B0CD5D9D28754039003637F7 /* Assets.xcassets */ = {isa = PBXFileReference; lastKnownFileType = folder.assetcatalog; path = Assets.xcassets; sourceTree = "<group>"; };
		B0CD5DA028754039003637F7 /* Preview Assets.xcassets */ = {isa = PBXFileReference; lastKnownFileType = folder.assetcatalog; path = "Preview Assets.xcassets"; sourceTree = "<group>"; };
		B0CD5DA728769A44003637F7 /* CircleImage.swift */ = {isa = PBXFileReference; lastKnownFileType = sourcecode.swift; path = CircleImage.swift; sourceTree = "<group>"; };
		B0CD5DA928769D0E003637F7 /* MapView.swift */ = {isa = PBXFileReference; lastKnownFileType = sourcecode.swift; path = MapView.swift; sourceTree = "<group>"; };
/* End PBXFileReference section */

/* Begin PBXFrameworksBuildPhase section */
		B0CD5D9328754038003637F7 /* Frameworks */ = {
			isa = PBXFrameworksBuildPhase;
			buildActionMask = 2147483647;
			files = (
			);
			runOnlyForDeploymentPostprocessing = 0;
		};
/* End PBXFrameworksBuildPhase section */

/* Begin PBXGroup section */
		B05F85C4287F8A5900AD5CCB /* Model */ = {
			isa = PBXGroup;
			children = (
				B05F85C0287A634200AD5CCB /* Landmark.swift */,
				B05F85C2287A718400AD5CCB /* ModelData.swift */,
				B0774C5528BC114500A4C89B /* Hike.swift */,
			);
			path = Model;
			sourceTree = "<group>";
		};
		B05F85C5287F8A6C00AD5CCB /* Resources */ = {
			isa = PBXGroup;
			children = (
				B0774C5328BC10F500A4C89B /* hikeData.json */,
				B05F85BC287A626100AD5CCB /* landmarkData.json */,
			);
			path = Resources;
			sourceTree = "<group>";
		};
		B05F85C6287F8A8600AD5CCB /* Views */ = {
			isa = PBXGroup;
			children = (
				B0774C5928BC1BFD00A4C89B /* Hikes */,
				B0CD5D9B28754038003637F7 /* ContentView.swift */,
			);
			path = Views;
			sourceTree = "<group>";
		};
		B0774C5928BC1BFD00A4C89B /* Hikes */ = {
			isa = PBXGroup;
			children = (
				B0774C5A28BC1BFD00A4C89B /* GraphCapsule.swift */,
				B0774C5B28BC1BFD00A4C89B /* HikeGraph.swift */,
				B0774C5C28BC1BFD00A4C89B /* HikeDetail.swift */,
				B0774C5D28BC1BFD00A4C89B /* HikeView.swift */,
			);
			path = Hikes;
			sourceTree = "<group>";
		};
		B097D7B1289F713D00FE8790 /* Helpers */ = {
			isa = PBXGroup;
			children = (
				B0CD5DA928769D0E003637F7 /* MapView.swift */,
				B097D7AF289F6A8F00FE8790 /* FavoriteButton.swift */,
				B0CD5DA728769A44003637F7 /* CircleImage.swift */,
			);
			path = Helpers;
			sourceTree = "<group>";
		};
		B097D7B2289F72FA00FE8790 /* Landmark */ = {
			isa = PBXGroup;
			children = (
				B05F85C7287F8D8D00AD5CCB /* LandmarkRow.swift */,
				B05F85C9287FA48C00AD5CCB /* LandmarkList.swift */,
				B06D1F102883914600AF64EF /* LandmarkDetail.swift */,
			);
			path = Landmark;
			sourceTree = "<group>";
		};
		B0A597C628A9CF0700E7037E /* Badge */ = {
			isa = PBXGroup;
			children = (
				B0A597BC28A6F6C000E7037E /* HexagonParameters.swift */,
				B0A597BE28A71BD300E7037E /* BadgeBackground.swift */,
				B0A597C028A9A5A400E7037E /* BagdeSymbol.swift */,
				B0A597C428A9C53700E7037E /* Badge.swift */,

				B0A597C228A9B8E900E7037E /* RotatedBadgeSymbol.swift */,

			);
			path = Badge;
			sourceTree = "<group>";
		};
		B0CD5D8D28754038003637F7 = {
			isa = PBXGroup;
			children = (
				B0A597C628A9CF0700E7037E /* Badge */,
				B097D7B2289F72FA00FE8790 /* Landmark */,
				B097D7B1289F713D00FE8790 /* Helpers */,
				B0CD5D9828754038003637F7 /* LandMarks */,
				B0CD5D9728754038003637F7 /* Products */,
			);
			sourceTree = "<group>";
		};
		B0CD5D9728754038003637F7 /* Products */ = {
			isa = PBXGroup;
			children = (
				B0CD5D9628754038003637F7 /* LandMarks.app */,
			);
			name = Products;
			sourceTree = "<group>";
		};
		B0CD5D9828754038003637F7 /* LandMarks */ = {
			isa = PBXGroup;
			children = (
				B0CD5D9928754038003637F7 /* LandMarksApp.swift */,
				B05F85C6287F8A8600AD5CCB /* Views */,
				B05F85C4287F8A5900AD5CCB /* Model */,
				B05F85C5287F8A6C00AD5CCB /* Resources */,
				B0CD5D9D28754039003637F7 /* Assets.xcassets */,
				B0CD5D9F28754039003637F7 /* Preview Content */,
			);
			path = LandMarks;
			sourceTree = "<group>";
		};
		B0CD5D9F28754039003637F7 /* Preview Content */ = {
			isa = PBXGroup;
			children = (
				B0CD5DA028754039003637F7 /* Preview Assets.xcassets */,
			);
			path = "Preview Content";
			sourceTree = "<group>";
		};
/* End PBXGroup section */

/* Begin PBXNativeTarget section */
		B0CD5D9528754038003637F7 /* LandMarks */ = {
			isa = PBXNativeTarget;
			buildConfigurationList = B0CD5DA428754039003637F7 /* Build configuration list for PBXNativeTarget "LandMarks" */;
			buildPhases = (
				B0CD5D9228754038003637F7 /* Sources */,
				B0CD5D9328754038003637F7 /* Frameworks */,
				B0CD5D9428754038003637F7 /* Resources */,
			);
			buildRules = (
			);
			dependencies = (
			);
			name = LandMarks;
			productName = LandMarks;
			productReference = B0CD5D9628754038003637F7 /* LandMarks.app */;
			productType = "com.apple.product-type.application";
		};
/* End PBXNativeTarget section */

/* Begin PBXProject section */
		B0CD5D8E28754038003637F7 /* Project object */ = {
			isa = PBXProject;
			attributes = {
				BuildIndependentTargetsInParallel = 1;
				LastSwiftUpdateCheck = 1340;
				LastUpgradeCheck = 1340;
				TargetAttributes = {
					B0CD5D9528754038003637F7 = {
						CreatedOnToolsVersion = 13.4.1;
					};
				};
			};
			buildConfigurationList = B0CD5D9128754038003637F7 /* Build configuration list for PBXProject "LandMarks" */;
			compatibilityVersion = "Xcode 13.0";
			developmentRegion = en;
			hasScannedForEncodings = 0;
			knownRegions = (
				en,
				Base,
			);
			mainGroup = B0CD5D8D28754038003637F7;
			productRefGroup = B0CD5D9728754038003637F7 /* Products */;
			projectDirPath = "";
			projectRoot = "";
			targets = (
				B0CD5D9528754038003637F7 /* LandMarks */,
			);
		};
/* End PBXProject section */

/* Begin PBXResourcesBuildPhase section */
		B0CD5D9428754038003637F7 /* Resources */ = {
			isa = PBXResourcesBuildPhase;
			buildActionMask = 2147483647;
			files = (
				B0774C5428BC10F500A4C89B /* hikeData.json in Resources */,
				B0CD5DA128754039003637F7 /* Preview Assets.xcassets in Resources */,
				B0CD5D9E28754039003637F7 /* Assets.xcassets in Resources */,
				B05F85BD287A626100AD5CCB /* landmarkData.json in Resources */,
			);
			runOnlyForDeploymentPostprocessing = 0;
		};
/* End PBXResourcesBuildPhase section */

/* Begin PBXSourcesBuildPhase section */
		B0CD5D9228754038003637F7 /* Sources */ = {
			isa = PBXSourcesBuildPhase;
			buildActionMask = 2147483647;
			files = (
				B0CD5D9C28754038003637F7 /* ContentView.swift in Sources */,

				B0774C5F28BC1BFD00A4C89B /* HikeGraph.swift in Sources */,
				B0A597C528A9C53700E7037E /* Badge.swift in Sources */,
				B0A597C328A9B8E900E7037E /* RotatedBadgeSymbol.swift in Sources */,
				B0774C5E28BC1BFD00A4C89B /* GraphCapsule.swift in Sources */,

				B0CD5DAA28769D0E003637F7 /* MapView.swift in Sources */,
				B0CD5D9A28754038003637F7 /* LandMarksApp.swift in Sources */,
				B0774C6028BC1BFD00A4C89B /* HikeDetail.swift in Sources */,
				B097D7B0289F6A8F00FE8790 /* FavoriteButton.swift in Sources */,
				B0774C5628BC114500A4C89B /* Hike.swift in Sources */,
				B05F85CA287FA48C00AD5CCB /* LandmarkList.swift in Sources */,
				B06D1F112883914600AF64EF /* LandmarkDetail.swift in Sources */,
				B0A597BF28A71BD300E7037E /* BadgeBackground.swift in Sources */,

				B0774C6128BC1BFD00A4C89B /* HikeView.swift in Sources */,

				B0A597C128A9A5A400E7037E /* BagdeSymbol.swift in Sources */,
				B0CD5DA828769A44003637F7 /* CircleImage.swift in Sources */,
				B05F85C1287A634200AD5CCB /* Landmark.swift in Sources */,
				B05F85C8287F8D8D00AD5CCB /* LandmarkRow.swift in Sources */,
				B05F85C3287A718400AD5CCB /* ModelData.swift in Sources */,
				B0A597BD28A6F6C000E7037E /* HexagonParameters.swift in Sources */,
			);
			runOnlyForDeploymentPostprocessing = 0;
		};
/* End PBXSourcesBuildPhase section */

/* Begin XCBuildConfiguration section */
		B0CD5DA228754039003637F7 /* Debug */ = {
			isa = XCBuildConfiguration;
			buildSettings = {
				ALWAYS_SEARCH_USER_PATHS = NO;
				CLANG_ANALYZER_NONNULL = YES;
				CLANG_ANALYZER_NUMBER_OBJECT_CONVERSION = YES_AGGRESSIVE;
				CLANG_CXX_LANGUAGE_STANDARD = "gnu++17";
				CLANG_ENABLE_MODULES = YES;
				CLANG_ENABLE_OBJC_ARC = YES;
				CLANG_ENABLE_OBJC_WEAK = YES;
				CLANG_WARN_BLOCK_CAPTURE_AUTORELEASING = YES;
				CLANG_WARN_BOOL_CONVERSION = YES;
				CLANG_WARN_COMMA = YES;
				CLANG_WARN_CONSTANT_CONVERSION = YES;
				CLANG_WARN_DEPRECATED_OBJC_IMPLEMENTATIONS = YES;
				CLANG_WARN_DIRECT_OBJC_ISA_USAGE = YES_ERROR;
				CLANG_WARN_DOCUMENTATION_COMMENTS = YES;
				CLANG_WARN_EMPTY_BODY = YES;
				CLANG_WARN_ENUM_CONVERSION = YES;
				CLANG_WARN_INFINITE_RECURSION = YES;
				CLANG_WARN_INT_CONVERSION = YES;
				CLANG_WARN_NON_LITERAL_NULL_CONVERSION = YES;
				CLANG_WARN_OBJC_IMPLICIT_RETAIN_SELF = YES;
				CLANG_WARN_OBJC_LITERAL_CONVERSION = YES;
				CLANG_WARN_OBJC_ROOT_CLASS = YES_ERROR;
				CLANG_WARN_QUOTED_INCLUDE_IN_FRAMEWORK_HEADER = YES;
				CLANG_WARN_RANGE_LOOP_ANALYSIS = YES;
				CLANG_WARN_STRICT_PROTOTYPES = YES;
				CLANG_WARN_SUSPICIOUS_MOVE = YES;
				CLANG_WARN_UNGUARDED_AVAILABILITY = YES_AGGRESSIVE;
				CLANG_WARN_UNREACHABLE_CODE = YES;
				CLANG_WARN__DUPLICATE_METHOD_MATCH = YES;
				COPY_PHASE_STRIP = NO;
				DEBUG_INFORMATION_FORMAT = dwarf;
				ENABLE_STRICT_OBJC_MSGSEND = YES;
				ENABLE_TESTABILITY = YES;
				GCC_C_LANGUAGE_STANDARD = gnu11;
				GCC_DYNAMIC_NO_PIC = NO;
				GCC_NO_COMMON_BLOCKS = YES;
				GCC_OPTIMIZATION_LEVEL = 0;
				GCC_PREPROCESSOR_DEFINITIONS = (
					"DEBUG=1",
					"$(inherited)",
				);
				GCC_WARN_64_TO_32_BIT_CONVERSION = YES;
				GCC_WARN_ABOUT_RETURN_TYPE = YES_ERROR;
				GCC_WARN_UNDECLARED_SELECTOR = YES;
				GCC_WARN_UNINITIALIZED_AUTOS = YES_AGGRESSIVE;
				GCC_WARN_UNUSED_FUNCTION = YES;
				GCC_WARN_UNUSED_VARIABLE = YES;
				IPHONEOS_DEPLOYMENT_TARGET = 15.5;
				MTL_ENABLE_DEBUG_INFO = INCLUDE_SOURCE;
				MTL_FAST_MATH = YES;
				ONLY_ACTIVE_ARCH = YES;
				SDKROOT = iphoneos;
				SWIFT_ACTIVE_COMPILATION_CONDITIONS = DEBUG;
				SWIFT_OPTIMIZATION_LEVEL = "-Onone";
			};
			name = Debug;
		};
		B0CD5DA328754039003637F7 /* Release */ = {
			isa = XCBuildConfiguration;
			buildSettings = {
				ALWAYS_SEARCH_USER_PATHS = NO;
				CLANG_ANALYZER_NONNULL = YES;
				CLANG_ANALYZER_NUMBER_OBJECT_CONVERSION = YES_AGGRESSIVE;
				CLANG_CXX_LANGUAGE_STANDARD = "gnu++17";
				CLANG_ENABLE_MODULES = YES;
				CLANG_ENABLE_OBJC_ARC = YES;
				CLANG_ENABLE_OBJC_WEAK = YES;
				CLANG_WARN_BLOCK_CAPTURE_AUTORELEASING = YES;
				CLANG_WARN_BOOL_CONVERSION = YES;
				CLANG_WARN_COMMA = YES;
				CLANG_WARN_CONSTANT_CONVERSION = YES;
				CLANG_WARN_DEPRECATED_OBJC_IMPLEMENTATIONS = YES;
				CLANG_WARN_DIRECT_OBJC_ISA_USAGE = YES_ERROR;
				CLANG_WARN_DOCUMENTATION_COMMENTS = YES;
				CLANG_WARN_EMPTY_BODY = YES;
				CLANG_WARN_ENUM_CONVERSION = YES;
				CLANG_WARN_INFINITE_RECURSION = YES;
				CLANG_WARN_INT_CONVERSION = YES;
				CLANG_WARN_NON_LITERAL_NULL_CONVERSION = YES;
				CLANG_WARN_OBJC_IMPLICIT_RETAIN_SELF = YES;
				CLANG_WARN_OBJC_LITERAL_CONVERSION = YES;
				CLANG_WARN_OBJC_ROOT_CLASS = YES_ERROR;
				CLANG_WARN_QUOTED_INCLUDE_IN_FRAMEWORK_HEADER = YES;
				CLANG_WARN_RANGE_LOOP_ANALYSIS = YES;
				CLANG_WARN_STRICT_PROTOTYPES = YES;
				CLANG_WARN_SUSPICIOUS_MOVE = YES;
				CLANG_WARN_UNGUARDED_AVAILABILITY = YES_AGGRESSIVE;
				CLANG_WARN_UNREACHABLE_CODE = YES;
				CLANG_WARN__DUPLICATE_METHOD_MATCH = YES;
				COPY_PHASE_STRIP = NO;
				DEBUG_INFORMATION_FORMAT = "dwarf-with-dsym";
				ENABLE_NS_ASSERTIONS = NO;
				ENABLE_STRICT_OBJC_MSGSEND = YES;
				GCC_C_LANGUAGE_STANDARD = gnu11;
				GCC_NO_COMMON_BLOCKS = YES;
				GCC_WARN_64_TO_32_BIT_CONVERSION = YES;
				GCC_WARN_ABOUT_RETURN_TYPE = YES_ERROR;
				GCC_WARN_UNDECLARED_SELECTOR = YES;
				GCC_WARN_UNINITIALIZED_AUTOS = YES_AGGRESSIVE;
				GCC_WARN_UNUSED_FUNCTION = YES;
				GCC_WARN_UNUSED_VARIABLE = YES;
				IPHONEOS_DEPLOYMENT_TARGET = 15.5;
				MTL_ENABLE_DEBUG_INFO = NO;
				MTL_FAST_MATH = YES;
				SDKROOT = iphoneos;
				SWIFT_COMPILATION_MODE = wholemodule;
				SWIFT_OPTIMIZATION_LEVEL = "-O";
				VALIDATE_PRODUCT = YES;
			};
			name = Release;
		};
		B0CD5DA528754039003637F7 /* Debug */ = {
			isa = XCBuildConfiguration;
			buildSettings = {
				ASSETCATALOG_COMPILER_APPICON_NAME = AppIcon;
				ASSETCATALOG_COMPILER_GLOBAL_ACCENT_COLOR_NAME = AccentColor;
				CODE_SIGN_STYLE = Automatic;
				CURRENT_PROJECT_VERSION = 1;
				DEVELOPMENT_ASSET_PATHS = "\"LandMarks/Preview Content\"";
				ENABLE_PREVIEWS = YES;
				GENERATE_INFOPLIST_FILE = YES;
				INFOPLIST_KEY_UIApplicationSceneManifest_Generation = YES;
				INFOPLIST_KEY_UIApplicationSupportsIndirectInputEvents = YES;
				INFOPLIST_KEY_UILaunchScreen_Generation = YES;
				INFOPLIST_KEY_UISupportedInterfaceOrientations_iPad = "UIInterfaceOrientationPortrait UIInterfaceOrientationPortraitUpsideDown UIInterfaceOrientationLandscapeLeft UIInterfaceOrientationLandscapeRight";
				INFOPLIST_KEY_UISupportedInterfaceOrientations_iPhone = "UIInterfaceOrientationPortrait UIInterfaceOrientationLandscapeLeft UIInterfaceOrientationLandscapeRight";
				LD_RUNPATH_SEARCH_PATHS = (
					"$(inherited)",
					"@executable_path/Frameworks",
				);
				MARKETING_VERSION = 1.0;
				PRODUCT_BUNDLE_IDENTIFIER = com.kadmofor.LandMarks;
				PRODUCT_NAME = "$(TARGET_NAME)";
				SWIFT_EMIT_LOC_STRINGS = YES;
				SWIFT_VERSION = 5.0;
				TARGETED_DEVICE_FAMILY = "1,2";
			};
			name = Debug;
		};
		B0CD5DA628754039003637F7 /* Release */ = {
			isa = XCBuildConfiguration;
			buildSettings = {
				ASSETCATALOG_COMPILER_APPICON_NAME = AppIcon;
				ASSETCATALOG_COMPILER_GLOBAL_ACCENT_COLOR_NAME = AccentColor;
				CODE_SIGN_STYLE = Automatic;
				CURRENT_PROJECT_VERSION = 1;
				DEVELOPMENT_ASSET_PATHS = "\"LandMarks/Preview Content\"";
				ENABLE_PREVIEWS = YES;
				GENERATE_INFOPLIST_FILE = YES;
				INFOPLIST_KEY_UIApplicationSceneManifest_Generation = YES;
				INFOPLIST_KEY_UIApplicationSupportsIndirectInputEvents = YES;
				INFOPLIST_KEY_UILaunchScreen_Generation = YES;
				INFOPLIST_KEY_UISupportedInterfaceOrientations_iPad = "UIInterfaceOrientationPortrait UIInterfaceOrientationPortraitUpsideDown UIInterfaceOrientationLandscapeLeft UIInterfaceOrientationLandscapeRight";
				INFOPLIST_KEY_UISupportedInterfaceOrientations_iPhone = "UIInterfaceOrientationPortrait UIInterfaceOrientationLandscapeLeft UIInterfaceOrientationLandscapeRight";
				LD_RUNPATH_SEARCH_PATHS = (
					"$(inherited)",
					"@executable_path/Frameworks",
				);
				MARKETING_VERSION = 1.0;
				PRODUCT_BUNDLE_IDENTIFIER = com.kadmofor.LandMarks;
				PRODUCT_NAME = "$(TARGET_NAME)";
				SWIFT_EMIT_LOC_STRINGS = YES;
				SWIFT_VERSION = 5.0;
				TARGETED_DEVICE_FAMILY = "1,2";
			};
			name = Release;
		};
/* End XCBuildConfiguration section */

/* Begin XCConfigurationList section */
		B0CD5D9128754038003637F7 /* Build configuration list for PBXProject "LandMarks" */ = {
			isa = XCConfigurationList;
			buildConfigurations = (
				B0CD5DA228754039003637F7 /* Debug */,
				B0CD5DA328754039003637F7 /* Release */,
			);
			defaultConfigurationIsVisible = 0;
			defaultConfigurationName = Release;
		};
		B0CD5DA428754039003637F7 /* Build configuration list for PBXNativeTarget "LandMarks" */ = {
			isa = XCConfigurationList;
			buildConfigurations = (
				B0CD5DA528754039003637F7 /* Debug */,
				B0CD5DA628754039003637F7 /* Release */,
			);
			defaultConfigurationIsVisible = 0;
			defaultConfigurationName = Release;
		};
/* End XCConfigurationList section */
	};
	rootObject = B0CD5D8E28754038003637F7 /* Project object */;
}
